
Microsoft Visual Studio Solution File, Format Version 12.00
# Visual Studio Version 17
VisualStudioVersion = 17.0.32014.148
MinimumVisualStudioVersion = 10.0.40219.1
Project("{FAE04EC0-301F-11D3-BF4B-00C04F79EFBC}") = "Old Glory Flag", "Old Glory Flag.csproj", "{F5F3627D-7A68-493C-A8D5-D9CC36FFB5DC}"
EndProject
Global
	GlobalSection(SolutionConfigurationPlatforms) = preSolution
		Debug|Any CPU = Debug|Any CPU
		Release|Any CPU = Release|Any CPU
	EndGlobalSection
	GlobalSection(ProjectConfigurationPlatforms) = postSolution
		{F5F3627D-7A68-493C-A8D5-D9CC36FFB5DC}.Debug|Any CPU.ActiveCfg = Debug|Any CPU
		{F5F3627D-7A68-493C-A8D5-D9CC36FFB5DC}.Debug|Any CPU.Build.0 = Debug|Any CPU
		{F5F3627D-7A68-493C-A8D5-D9CC36FFB5DC}.Release|Any CPU.ActiveCfg = Release|Any CPU
		{F5F3627D-7A68-493C-A8D5-D9CC36FFB5DC}.Release|Any CPU.Build.0 = Release|Any CPU
	EndGlobalSection
	GlobalSection(SolutionProperties) = preSolution
		HideSolutionNode = FALSE
	EndGlobalSection
	GlobalSection(ExtensibilityGlobals) = postSolution
		SolutionGuid = {51C3DF32-37CD-48F0-B62C-8CD87B8784D7}
	EndGlobalSection
EndGlobal
